
Microsoft Visual Studio Solution File, Format Version 12.00
# Visual Studio 2013
VisualStudioVersion = 12.0.30501.0
MinimumVisualStudioVersion = 10.0.40219.1
Project("{FAE04EC0-301F-11D3-BF4B-00C04F79EFBC}") = "WebShop.API", "WebShop.API\WebShop.API.csproj", "{34DCB0FA-D388-4D52-8E96-11FCAFC28924}"
EndProject
Project("{FAE04EC0-301F-11D3-BF4B-00C04F79EFBC}") = "WebShop.Domain", "WebShop.Domain\WebShop.Domain.csproj", "{CF91E5E2-362C-4F16-994D-89D010DCBCC8}"
EndProject
Global
	GlobalSection(SolutionConfigurationPlatforms) = preSolution
		Debug|Any CPU = Debug|Any CPU
		Release|Any CPU = Release|Any CPU
	EndGlobalSection
	GlobalSection(ProjectConfigurationPlatforms) = postSolution
		{34DCB0FA-D388-4D52-8E96-11FCAFC28924}.Debug|Any CPU.ActiveCfg = Debug|Any CPU
		{34DCB0FA-D388-4D52-8E96-11FCAFC28924}.Debug|Any CPU.Build.0 = Debug|Any CPU
		{34DCB0FA-D388-4D52-8E96-11FCAFC28924}.Release|Any CPU.ActiveCfg = Release|Any CPU
		{34DCB0FA-D388-4D52-8E96-11FCAFC28924}.Release|Any CPU.Build.0 = Release|Any CPU
		{CF91E5E2-362C-4F16-994D-89D010DCBCC8}.Debug|Any CPU.ActiveCfg = Debug|Any CPU
		{CF91E5E2-362C-4F16-994D-89D010DCBCC8}.Debug|Any CPU.Build.0 = Debug|Any CPU
		{CF91E5E2-362C-4F16-994D-89D010DCBCC8}.Release|Any CPU.ActiveCfg = Release|Any CPU
		{CF91E5E2-362C-4F16-994D-89D010DCBCC8}.Release|Any CPU.Build.0 = Release|Any CPU
	EndGlobalSection
	GlobalSection(SolutionProperties) = preSolution
		HideSolutionNode = FALSE
	EndGlobalSection
EndGlobal
